
Microsoft Visual Studio Solution File, Format Version 12.00
# Visual Studio Version 16
VisualStudioVersion = 16.0.30330.147
MinimumVisualStudioVersion = 10.0.40219.1
Project("{8BC9CEB8-8B4A-11D0-8D11-00A0C91BC942}") = "Addition", "Addition.vcxproj", "{29FF353D-9617-4324-A6BA-20DD59BEF543}"
EndProject
Global
	GlobalSection(SolutionConfigurationPlatforms) = preSolution
		Debug|x64 = Debug|x64
		Release|x64 = Release|x64
	EndGlobalSection
	GlobalSection(ProjectConfigurationPlatforms) = postSolution
		{29FF353D-9617-4324-A6BA-20DD59BEF543}.Debug|x64.ActiveCfg = Debug|x64
		{29FF353D-9617-4324-A6BA-20DD59BEF543}.Debug|x64.Build.0 = Debug|x64
		{29FF353D-9617-4324-A6BA-20DD59BEF543}.Release|x64.ActiveCfg = Release|x64
		{29FF353D-9617-4324-A6BA-20DD59BEF543}.Release|x64.Build.0 = Release|x64
	EndGlobalSection
	GlobalSection(SolutionProperties) = preSolution
		HideSolutionNode = FALSE
	EndGlobalSection
	GlobalSection(ExtensibilityGlobals) = postSolution
		SolutionGuid = {12DACF25-1D64-4A37-A3CB-683964A57B3D}
	EndGlobalSection
EndGlobal
